
Microsoft Visual Studio Solution File, Format Version 12.00
# Visual Studio Version 16
VisualStudioVersion = 16.0.30611.23
MinimumVisualStudioVersion = 10.0.40219.1
Project("{FAE04EC0-301F-11D3-BF4B-00C04F79EFBC}") = "MDK02.02", "MDK02.02.csproj", "{8A4184F1-6974-49C0-9060-ED7F06C28366}"
EndProject
Global
	GlobalSection(SolutionConfigurationPlatforms) = preSolution
		Debug|Any CPU = Debug|Any CPU
		Release|Any CPU = Release|Any CPU
	EndGlobalSection
	GlobalSection(ProjectConfigurationPlatforms) = postSolution
		{8A4184F1-6974-49C0-9060-ED7F06C28366}.Debug|Any CPU.ActiveCfg = Debug|Any CPU
		{8A4184F1-6974-49C0-9060-ED7F06C28366}.Debug|Any CPU.Build.0 = Debug|Any CPU
		{8A4184F1-6974-49C0-9060-ED7F06C28366}.Release|Any CPU.ActiveCfg = Release|Any CPU
		{8A4184F1-6974-49C0-9060-ED7F06C28366}.Release|Any CPU.Build.0 = Release|Any CPU
	EndGlobalSection
	GlobalSection(SolutionProperties) = preSolution
		HideSolutionNode = FALSE
	EndGlobalSection
	GlobalSection(ExtensibilityGlobals) = postSolution
		SolutionGuid = {862E9CEF-F82F-462F-9347-E8F918C11D7A}
	EndGlobalSection
EndGlobal
